// !$*UTF8*$!
{
	archiveVersion = 1;
	classes = {
	};
	objectVersion = 46;
	objects = {

/* Begin PBXBuildFile section */
		6595CE611B617C4900B1494B /* Foundation.framework in Frameworks */ = {isa = PBXBuildFile; fileRef = 6595CE601B617C4900B1494B /* Foundation.framework */; };
		6595CE631B617C4900B1494B /* CoreGraphics.framework in Frameworks */ = {isa = PBXBuildFile; fileRef = 6595CE621B617C4900B1494B /* CoreGraphics.framework */; };
		6595CE651B617C4900B1494B /* UIKit.framework in Frameworks */ = {isa = PBXBuildFile; fileRef = 6595CE641B617C4900B1494B /* UIKit.framework */; };
		6595CE6B1B617C4900B1494B /* InfoPlist.strings in Resources */ = {isa = PBXBuildFile; fileRef = 6595CE691B617C4900B1494B /* InfoPlist.strings */; };
		6595CE6D1B617C4900B1494B /* main.m in Sources */ = {isa = PBXBuildFile; fileRef = 6595CE6C1B617C4900B1494B /* main.m */; };
		6595CE711B617C4900B1494B /* AppDelegate.m in Sources */ = {isa = PBXBuildFile; fileRef = 6595CE701B617C4900B1494B /* AppDelegate.m */; };
		6595CE771B617C4900B1494B /* ViewController.m in Sources */ = {isa = PBXBuildFile; fileRef = 6595CE761B617C4900B1494B /* ViewController.m */; };
		6595CE791B617C4900B1494B /* Images.xcassets in Resources */ = {isa = PBXBuildFile; fileRef = 6595CE781B617C4900B1494B /* Images.xcassets */; };
		6595CE801B617C4900B1494B /* XCTest.framework in Frameworks */ = {isa = PBXBuildFile; fileRef = 6595CE7F1B617C4900B1494B /* XCTest.framework */; };
		6595CE811B617C4900B1494B /* Foundation.framework in Frameworks */ = {isa = PBXBuildFile; fileRef = 6595CE601B617C4900B1494B /* Foundation.framework */; };
		6595CE821B617C4900B1494B /* UIKit.framework in Frameworks */ = {isa = PBXBuildFile; fileRef = 6595CE641B617C4900B1494B /* UIKit.framework */; };
		6595CE8A1B617C4900B1494B /* InfoPlist.strings in Resources */ = {isa = PBXBuildFile; fileRef = 6595CE881B617C4900B1494B /* InfoPlist.strings */; };
		6595CE8C1B617C4900B1494B /* SpaceInfoUITests.m in Sources */ = {isa = PBXBuildFile; fileRef = 6595CE8B1B617C4900B1494B /* SpaceInfoUITests.m */; };
		6595CEA11B617CBD00B1494B /* AstronomicalData.m in Sources */ = {isa = PBXBuildFile; fileRef = 6595CE961B617CBD00B1494B /* AstronomicalData.m */; };
		6595CEA21B617CBD00B1494B /* Earth.jpg in Resources */ = {isa = PBXBuildFile; fileRef = 6595CE971B617CBD00B1494B /* Earth.jpg */; };
		6595CEA31B617CBD00B1494B /* EinsteinRing.jpg in Resources */ = {isa = PBXBuildFile; fileRef = 6595CE981B617CBD00B1494B /* EinsteinRing.jpg */; };
		6595CEA41B617CBD00B1494B /* Jupiter.jpg in Resources */ = {isa = PBXBuildFile; fileRef = 6595CE991B617CBD00B1494B /* Jupiter.jpg */; };
		6595CEA51B617CBD00B1494B /* Mars.jpg in Resources */ = {isa = PBXBuildFile; fileRef = 6595CE9A1B617CBD00B1494B /* Mars.jpg */; };
		6595CEA61B617CBD00B1494B /* Mercury.jpg in Resources */ = {isa = PBXBuildFile; fileRef = 6595CE9B1B617CBD00B1494B /* Mercury.jpg */; };
		6595CEA71B617CBD00B1494B /* Neptune.jpg in Resources */ = {isa = PBXBuildFile; fileRef = 6595CE9C1B617CBD00B1494B /* Neptune.jpg */; };
		6595CEA81B617CBD00B1494B /* Orion.jpg in Resources */ = {isa = PBXBuildFile; fileRef = 6595CE9D1B617CBD00B1494B /* Orion.jpg */; };
		6595CEA91B617CBD00B1494B /* Saturn.jpg in Resources */ = {isa = PBXBuildFile; fileRef = 6595CE9E1B617CBD00B1494B /* Saturn.jpg */; };
		6595CEAA1B617CBD00B1494B /* Uranus.jpg in Resources */ = {isa = PBXBuildFile; fileRef = 6595CE9F1B617CBD00B1494B /* Uranus.jpg */; };
		6595CEAB1B617CBD00B1494B /* Venus.jpg in Resources */ = {isa = PBXBuildFile; fileRef = 6595CEA01B617CBD00B1494B /* Venus.jpg */; };
		6595CEAE1B617D7C00B1494B /* Main.storyboard in Resources */ = {isa = PBXBuildFile; fileRef = 6595CEAC1B617D7C00B1494B /* Main.storyboard */; };
		6595CEB31B617DB000B1494B /* OWSpaceObject.m in Sources */ = {isa = PBXBuildFile; fileRef = 6595CEB01B617DB000B1494B /* OWSpaceObject.m */; };
		6595CEB41B617DB000B1494B /* TableViewController.m in Sources */ = {isa = PBXBuildFile; fileRef = 6595CEB21B617DB000B1494B /* TableViewController.m */; };
		6595CF041B6186FF00B1494B /* OWSpaceImageViewController.m in Sources */ = {isa = PBXBuildFile; fileRef = 6595CF031B6186FF00B1494B /* OWSpaceImageViewController.m */; };
		6595CF8E1B61B5DC00B1494B /* OWSpaceDataViewController.m in Sources */ = {isa = PBXBuildFile; fileRef = 6595CF8D1B61B5DC00B1494B /* OWSpaceDataViewController.m */; };
/* End PBXBuildFile section */

/* Begin PBXContainerItemProxy section */
		6595CE831B617C4900B1494B /* PBXContainerItemProxy */ = {
			isa = PBXContainerItemProxy;
			containerPortal = 6595CE551B617C4900B1494B /* Project object */;
			proxyType = 1;
			remoteGlobalIDString = 6595CE5C1B617C4900B1494B;
			remoteInfo = SpaceInfoUI;
		};
/* End PBXContainerItemProxy section */

/* Begin PBXFileReference section */
		6595CE5D1B617C4900B1494B /* SpaceInfoUI.app */ = {isa = PBXFileReference; explicitFileType = wrapper.application; includeInIndex = 0; path = SpaceInfoUI.app; sourceTree = BUILT_PRODUCTS_DIR; };
		6595CE601B617C4900B1494B /* Foundation.framework */ = {isa = PBXFileReference; lastKnownFileType = wrapper.framework; name = Foundation.framework; path = System/Library/Frameworks/Foundation.framework; sourceTree = SDKROOT; };
		6595CE621B617C4900B1494B /* CoreGraphics.framework */ = {isa = PBXFileReference; lastKnownFileType = wrapper.framework; name = CoreGraphics.framework; path = System/Library/Frameworks/CoreGraphics.framework; sourceTree = SDKROOT; };
		6595CE641B617C4900B1494B /* UIKit.framework */ = {isa = PBXFileReference; lastKnownFileType = wrapper.framework; name = UIKit.framework; path = System/Library/Frameworks/UIKit.framework; sourceTree = SDKROOT; };
		6595CE681B617C4900B1494B /* SpaceInfoUI-Info.plist */ = {isa = PBXFileReference; lastKnownFileType = text.plist.xml; path = "SpaceInfoUI-Info.plist"; sourceTree = "<group>"; };
		6595CE6A1B617C4900B1494B /* en */ = {isa = PBXFileReference; lastKnownFileType = text.plist.strings; name = en; path = en.lproj/InfoPlist.strings; sourceTree = "<group>"; };
		6595CE6C1B617C4900B1494B /* main.m */ = {isa = PBXFileReference; lastKnownFileType = sourcecode.c.objc; path = main.m; sourceTree = "<group>"; };
		6595CE6E1B617C4900B1494B /* SpaceInfoUI-Prefix.pch */ = {isa = PBXFileReference; lastKnownFileType = sourcecode.c.h; path = "SpaceInfoUI-Prefix.pch"; sourceTree = "<group>"; };
		6595CE6F1B617C4900B1494B /* AppDelegate.h */ = {isa = PBXFileReference; lastKnownFileType = sourcecode.c.h; path = AppDelegate.h; sourceTree = "<group>"; };
		6595CE701B617C4900B1494B /* AppDelegate.m */ = {isa = PBXFileReference; lastKnownFileType = sourcecode.c.objc; path = AppDelegate.m; sourceTree = "<group>"; };
		6595CE751B617C4900B1494B /* ViewController.h */ = {isa = PBXFileReference; lastKnownFileType = sourcecode.c.h; path = ViewController.h; sourceTree = "<group>"; };
		6595CE761B617C4900B1494B /* ViewController.m */ = {isa = PBXFileReference; lastKnownFileType = sourcecode.c.objc; path = ViewController.m; sourceTree = "<group>"; };
		6595CE781B617C4900B1494B /* Images.xcassets */ = {isa = PBXFileReference; lastKnownFileType = folder.assetcatalog; path = Images.xcassets; sourceTree = "<group>"; };
		6595CE7E1B617C4900B1494B /* SpaceInfoUITests.xctest */ = {isa = PBXFileReference; explicitFileType = wrapper.cfbundle; includeInIndex = 0; path = SpaceInfoUITests.xctest; sourceTree = BUILT_PRODUCTS_DIR; };
		6595CE7F1B617C4900B1494B /* XCTest.framework */ = {isa = PBXFileReference; lastKnownFileType = wrapper.framework; name = XCTest.framework; path = Library/Frameworks/XCTest.framework; sourceTree = DEVELOPER_DIR; };
		6595CE871B617C4900B1494B /* SpaceInfoUITests-Info.plist */ = {isa = PBXFileReference; lastKnownFileType = text.plist.xml; path = "SpaceInfoUITests-Info.plist"; sourceTree = "<group>"; };
		6595CE891B617C4900B1494B /* en */ = {isa = PBXFileReference; lastKnownFileType = text.plist.strings; name = en; path = en.lproj/InfoPlist.strings; sourceTree = "<group>"; };
		6595CE8B1B617C4900B1494B /* SpaceInfoUITests.m */ = {isa = PBXFileReference; lastKnownFileType = sourcecode.c.objc; path = SpaceInfoUITests.m; sourceTree = "<group>"; };
		6595CE951B617CBD00B1494B /* AstronomicalData.h */ = {isa = PBXFileReference; fileEncoding = 4; lastKnownFileType = sourcecode.c.h; name = AstronomicalData.h; path = "../../../SpaceInfo-IOS/UITableViewControllerChallenge/AstronomicalData.h"; sourceTree = "<group>"; };
		6595CE961B617CBD00B1494B /* AstronomicalData.m */ = {isa = PBXFileReference; fileEncoding = 4; lastKnownFileType = sourcecode.c.objc; name = AstronomicalData.m; path = "../../../SpaceInfo-IOS/UITableViewControllerChallenge/AstronomicalData.m"; sourceTree = "<group>"; };
		6595CE971B617CBD00B1494B /* Earth.jpg */ = {isa = PBXFileReference; lastKnownFileType = image.jpeg; name = Earth.jpg; path = "../../../SpaceInfo-IOS/UITableViewControllerChallenge/Earth.jpg"; sourceTree = "<group>"; };
		6595CE981B617CBD00B1494B /* EinsteinRing.jpg */ = {isa = PBXFileReference; lastKnownFileType = image.jpeg; name = EinsteinRing.jpg; path = "../../../SpaceInfo-IOS/UITableViewControllerChallenge/EinsteinRing.jpg"; sourceTree = "<group>"; };
		6595CE991B617CBD00B1494B /* Jupiter.jpg */ = {isa = PBXFileReference; lastKnownFileType = image.jpeg; name = Jupiter.jpg; path = "../../../SpaceInfo-IOS/UITableViewControllerChallenge/Jupiter.jpg"; sourceTree = "<group>"; };
		6595CE9A1B617CBD00B1494B /* Mars.jpg */ = {isa = PBXFileReference; lastKnownFileType = image.jpeg; name = Mars.jpg; path = "../../../SpaceInfo-IOS/UITableViewControllerChallenge/Mars.jpg"; sourceTree = "<group>"; };
		6595CE9B1B617CBD00B1494B /* Mercury.jpg */ = {isa = PBXFileReference; lastKnownFileType = image.jpeg; name = Mercury.jpg; path = "../../../SpaceInfo-IOS/UITableViewControllerChallenge/Mercury.jpg"; sourceTree = "<group>"; };
		6595CE9C1B617CBD00B1494B /* Neptune.jpg */ = {isa = PBXFileReference; lastKnownFileType = image.jpeg; name = Neptune.jpg; path = "../../../SpaceInfo-IOS/UITableViewControllerChallenge/Neptune.jpg"; sourceTree = "<group>"; };
		6595CE9D1B617CBD00B1494B /* Orion.jpg */ = {isa = PBXFileReference; lastKnownFileType = image.jpeg; name = Orion.jpg; path = "../../../SpaceInfo-IOS/UITableViewControllerChallenge/Orion.jpg"; sourceTree = "<group>"; };
		6595CE9E1B617CBD00B1494B /* Saturn.jpg */ = {isa = PBXFileReference; lastKnownFileType = image.jpeg; name = Saturn.jpg; path = "../../../SpaceInfo-IOS/UITableViewControllerChallenge/Saturn.jpg"; sourceTree = "<group>"; };
		6595CE9F1B617CBD00B1494B /* Uranus.jpg */ = {isa = PBXFileReference; lastKnownFileType = image.jpeg; name = Uranus.jpg; path = "../../../SpaceInfo-IOS/UITableViewControllerChallenge/Uranus.jpg"; sourceTree = "<group>"; };
		6595CEA01B617CBD00B1494B /* Venus.jpg */ = {isa = PBXFileReference; lastKnownFileType = image.jpeg; name = Venus.jpg; path = "../../../SpaceInfo-IOS/UITableViewControllerChallenge/Venus.jpg"; sourceTree = "<group>"; };
		6595CEAD1B617D7C00B1494B /* Base */ = {isa = PBXFileReference; lastKnownFileType = file.storyboard; name = Base; path = "../../../SpaceInfo-IOS/UITableViewControllerChallenge/Base.lproj/Main.storyboard"; sourceTree = "<group>"; };
		6595CEAF1B617DB000B1494B /* OWSpaceObject.h */ = {isa = PBXFileReference; fileEncoding = 4; lastKnownFileType = sourcecode.c.h; name = OWSpaceObject.h; path = "../../../SpaceInfo-IOS/UITableViewControllerChallenge/OWSpaceObject.h"; sourceTree = "<group>"; };
		6595CEB01B617DB000B1494B /* OWSpaceObject.m */ = {isa = PBXFileReference; fileEncoding = 4; lastKnownFileType = sourcecode.c.objc; name = OWSpaceObject.m; path = "../../../SpaceInfo-IOS/UITableViewControllerChallenge/OWSpaceObject.m"; sourceTree = "<group>"; };
		6595CEB11B617DB000B1494B /* TableViewController.h */ = {isa = PBXFileReference; fileEncoding = 4; lastKnownFileType = sourcecode.c.h; name = TableViewController.h; path = "../../../SpaceInfo-IOS/UITableViewControllerChallenge/TableViewController.h"; sourceTree = "<group>"; };
		6595CEB21B617DB000B1494B /* TableViewController.m */ = {isa = PBXFileReference; fileEncoding = 4; lastKnownFileType = sourcecode.c.objc; name = TableViewController.m; path = "../../../SpaceInfo-IOS/UITableViewControllerChallenge/TableViewController.m"; sourceTree = "<group>"; };
		6595CF021B6186FF00B1494B /* OWSpaceImageViewController.h */ = {isa = PBXFileReference; fileEncoding = 4; lastKnownFileType = sourcecode.c.h; path = OWSpaceImageViewController.h; sourceTree = "<group>"; };
		6595CF031B6186FF00B1494B /* OWSpaceImageViewController.m */ = {isa = PBXFileReference; fileEncoding = 4; lastKnownFileType = sourcecode.c.objc; path = OWSpaceImageViewController.m; sourceTree = "<group>"; };
		6595CF8C1B61B5DC00B1494B /* OWSpaceDataViewController.h */ = {isa = PBXFileReference; fileEncoding = 4; lastKnownFileType = sourcecode.c.h; path = OWSpaceDataViewController.h; sourceTree = "<group>"; };
		6595CF8D1B61B5DC00B1494B /* OWSpaceDataViewController.m */ = {isa = PBXFileReference; fileEncoding = 4; lastKnownFileType = sourcecode.c.objc; path = OWSpaceDataViewController.m; sourceTree = "<group>"; };
/* End PBXFileReference section */

/* Begin PBXFrameworksBuildPhase section */
		6595CE5A1B617C4900B1494B /* Frameworks */ = {
			isa = PBXFrameworksBuildPhase;
			buildActionMask = 2147483647;
			files = (
				6595CE631B617C4900B1494B /* CoreGraphics.framework in Frameworks */,
				6595CE651B617C4900B1494B /* UIKit.framework in Frameworks */,
				6595CE611B617C4900B1494B /* Foundation.framework in Frameworks */,
			);
			runOnlyForDeploymentPostprocessing = 0;
		};
		6595CE7B1B617C4900B1494B /* Frameworks */ = {
			isa = PBXFrameworksBuildPhase;
			buildActionMask = 2147483647;
			files = (
				6595CE801B617C4900B1494B /* XCTest.framework in Frameworks */,
				6595CE821B617C4900B1494B /* UIKit.framework in Frameworks */,
				6595CE811B617C4900B1494B /* Foundation.framework in Frameworks */,
			);
			runOnlyForDeploymentPostprocessing = 0;
		};
/* End PBXFrameworksBuildPhase section */

/* Begin PBXGroup section */
		6595CE541B617C4900B1494B = {
			isa = PBXGroup;
			children = (
				6595CE661B617C4900B1494B /* SpaceInfoUI */,
				6595CE851B617C4900B1494B /* SpaceInfoUITests */,
				6595CE5F1B617C4900B1494B /* Frameworks */,
				6595CE5E1B617C4900B1494B /* Products */,
			);
			sourceTree = "<group>";
		};
		6595CE5E1B617C4900B1494B /* Products */ = {
			isa = PBXGroup;
			children = (
				6595CE5D1B617C4900B1494B /* SpaceInfoUI.app */,
				6595CE7E1B617C4900B1494B /* SpaceInfoUITests.xctest */,
			);
			name = Products;
			sourceTree = "<group>";
		};
		6595CE5F1B617C4900B1494B /* Frameworks */ = {
			isa = PBXGroup;
			children = (
				6595CE601B617C4900B1494B /* Foundation.framework */,
				6595CE621B617C4900B1494B /* CoreGraphics.framework */,
				6595CE641B617C4900B1494B /* UIKit.framework */,
				6595CE7F1B617C4900B1494B /* XCTest.framework */,
			);
			name = Frameworks;
			sourceTree = "<group>";
		};
		6595CE661B617C4900B1494B /* SpaceInfoUI */ = {
			isa = PBXGroup;
			children = (
				6595CE6F1B617C4900B1494B /* AppDelegate.h */,
				6595CEAF1B617DB000B1494B /* OWSpaceObject.h */,
				6595CEB01B617DB000B1494B /* OWSpaceObject.m */,
				6595CEB11B617DB000B1494B /* TableViewController.h */,
				6595CEB21B617DB000B1494B /* TableViewController.m */,
				6595CE701B617C4900B1494B /* AppDelegate.m */,
				6595CE751B617C4900B1494B /* ViewController.h */,
				6595CEAC1B617D7C00B1494B /* Main.storyboard */,
				6595CF8C1B61B5DC00B1494B /* OWSpaceDataViewController.h */,
				6595CF8D1B61B5DC00B1494B /* OWSpaceDataViewController.m */,
				6595CF021B6186FF00B1494B /* OWSpaceImageViewController.h */,
				6595CF031B6186FF00B1494B /* OWSpaceImageViewController.m */,
				6595CE761B617C4900B1494B /* ViewController.m */,
				6595CE781B617C4900B1494B /* Images.xcassets */,
				6595CE671B617C4900B1494B /* Supporting Files */,
			);
			path = SpaceInfoUI;
			sourceTree = "<group>";
		};
		6595CE671B617C4900B1494B /* Supporting Files */ = {
			isa = PBXGroup;
			children = (
				6595CE681B617C4900B1494B /* SpaceInfoUI-Info.plist */,
				6595CE691B617C4900B1494B /* InfoPlist.strings */,
				6595CE951B617CBD00B1494B /* AstronomicalData.h */,
				6595CE961B617CBD00B1494B /* AstronomicalData.m */,
				6595CE971B617CBD00B1494B /* Earth.jpg */,
				6595CE981B617CBD00B1494B /* EinsteinRing.jpg */,
				6595CE991B617CBD00B1494B /* Jupiter.jpg */,
				6595CE9A1B617CBD00B1494B /* Mars.jpg */,
				6595CE9B1B617CBD00B1494B /* Mercury.jpg */,
				6595CE9C1B617CBD00B1494B /* Neptune.jpg */,
				6595CE9D1B617CBD00B1494B /* Orion.jpg */,
				6595CE9E1B617CBD00B1494B /* Saturn.jpg */,
				6595CE9F1B617CBD00B1494B /* Uranus.jpg */,
				6595CEA01B617CBD00B1494B /* Venus.jpg */,
				6595CE6C1B617C4900B1494B /* main.m */,
				6595CE6E1B617C4900B1494B /* SpaceInfoUI-Prefix.pch */,
			);
			name = "Supporting Files";
			sourceTree = "<group>";
		};
		6595CE851B617C4900B1494B /* SpaceInfoUITests */ = {
			isa = PBXGroup;
			children = (
				6595CE8B1B617C4900B1494B /* SpaceInfoUITests.m */,
				6595CE861B617C4900B1494B /* Supporting Files */,
			);
			path = SpaceInfoUITests;
			sourceTree = "<group>";
		};
		6595CE861B617C4900B1494B /* Supporting Files */ = {
			isa = PBXGroup;
			children = (
				6595CE871B617C4900B1494B /* SpaceInfoUITests-Info.plist */,
				6595CE881B617C4900B1494B /* InfoPlist.strings */,
			);
			name = "Supporting Files";
			sourceTree = "<group>";
		};
/* End PBXGroup section */

/* Begin PBXNativeTarget section */
		6595CE5C1B617C4900B1494B /* SpaceInfoUI */ = {
			isa = PBXNativeTarget;
			buildConfigurationList = 6595CE8F1B617C4900B1494B /* Build configuration list for PBXNativeTarget "SpaceInfoUI" */;
			buildPhases = (
				6595CE591B617C4900B1494B /* Sources */,
				6595CE5A1B617C4900B1494B /* Frameworks */,
				6595CE5B1B617C4900B1494B /* Resources */,
			);
			buildRules = (
			);
			dependencies = (
			);
			name = SpaceInfoUI;
			productName = SpaceInfoUI;
			productReference = 6595CE5D1B617C4900B1494B /* SpaceInfoUI.app */;
			productType = "com.apple.product-type.application";
		};
		6595CE7D1B617C4900B1494B /* SpaceInfoUITests */ = {
			isa = PBXNativeTarget;
			buildConfigurationList = 6595CE921B617C4900B1494B /* Build configuration list for PBXNativeTarget "SpaceInfoUITests" */;
			buildPhases = (
				6595CE7A1B617C4900B1494B /* Sources */,
				6595CE7B1B617C4900B1494B /* Frameworks */,
				6595CE7C1B617C4900B1494B /* Resources */,
			);
			buildRules = (
			);
			dependencies = (
				6595CE841B617C4900B1494B /* PBXTargetDependency */,
			);
			name = SpaceInfoUITests;
			productName = SpaceInfoUITests;
			productReference = 6595CE7E1B617C4900B1494B /* SpaceInfoUITests.xctest */;
			productType = "com.apple.product-type.bundle.unit-test";
		};
/* End PBXNativeTarget section */

/* Begin PBXProject section */
		6595CE551B617C4900B1494B /* Project object */ = {
			isa = PBXProject;
			attributes = {
				LastUpgradeCheck = 0510;
				ORGANIZATIONNAME = "___FULLUSERNAME___";
				TargetAttributes = {
					6595CE7D1B617C4900B1494B = {
						TestTargetID = 6595CE5C1B617C4900B1494B;
					};
				};
			};
			buildConfigurationList = 6595CE581B617C4900B1494B /* Build configuration list for PBXProject "SpaceInfoUI" */;
			compatibilityVersion = "Xcode 3.2";
			developmentRegion = English;
			hasScannedForEncodings = 0;
			knownRegions = (
				en,
				Base,
			);
			mainGroup = 6595CE541B617C4900B1494B;
			productRefGroup = 6595CE5E1B617C4900B1494B /* Products */;
			projectDirPath = "";
			projectRoot = "";
			targets = (
				6595CE5C1B617C4900B1494B /* SpaceInfoUI */,
				6595CE7D1B617C4900B1494B /* SpaceInfoUITests */,
			);
		};
/* End PBXProject section */

/* Begin PBXResourcesBuildPhase section */
		6595CE5B1B617C4900B1494B /* Resources */ = {
			isa = PBXResourcesBuildPhase;
			buildActionMask = 2147483647;
			files = (
				6595CEA21B617CBD00B1494B /* Earth.jpg in Resources */,
				6595CEAB1B617CBD00B1494B /* Venus.jpg in Resources */,
				6595CEA61B617CBD00B1494B /* Mercury.jpg in Resources */,
				6595CEA91B617CBD00B1494B /* Saturn.jpg in Resources */,
				6595CEAA1B617CBD00B1494B /* Uranus.jpg in Resources */,
				6595CE791B617C4900B1494B /* Images.xcassets in Resources */,
				6595CEA71B617CBD00B1494B /* Neptune.jpg in Resources */,
				6595CEAE1B617D7C00B1494B /* Main.storyboard in Resources */,
				6595CEA51B617CBD00B1494B /* Mars.jpg in Resources */,
				6595CE6B1B617C4900B1494B /* InfoPlist.strings in Resources */,
				6595CEA31B617CBD00B1494B /* EinsteinRing.jpg in Resources */,
				6595CEA41B617CBD00B1494B /* Jupiter.jpg in Resources */,
				6595CEA81B617CBD00B1494B /* Orion.jpg in Resources */,
			);
			runOnlyForDeploymentPostprocessing = 0;
		};
		6595CE7C1B617C4900B1494B /* Resources */ = {
			isa = PBXResourcesBuildPhase;
			buildActionMask = 2147483647;
			files = (
				6595CE8A1B617C4900B1494B /* InfoPlist.strings in Resources */,
			);
			runOnlyForDeploymentPostprocessing = 0;
		};
/* End PBXResourcesBuildPhase section */

/* Begin PBXSourcesBuildPhase section */
		6595CE591B617C4900B1494B /* Sources */ = {
			isa = PBXSourcesBuildPhase;
			buildActionMask = 2147483647;
			files = (
				6595CE771B617C4900B1494B /* ViewController.m in Sources */,
				6595CF8E1B61B5DC00B1494B /* OWSpaceDataViewController.m in Sources */,
				6595CEB41B617DB000B1494B /* TableViewController.m in Sources */,
				6595CEB31B617DB000B1494B /* OWSpaceObject.m in Sources */,
				6595CE711B617C4900B1494B /* AppDelegate.m in Sources */,
				6595CE6D1B617C4900B1494B /* main.m in Sources */,
				6595CEA11B617CBD00B1494B /* AstronomicalData.m in Sources */,
				6595CF041B6186FF00B1494B /* OWSpaceImageViewController.m in Sources */,
			);
			runOnlyForDeploymentPostprocessing = 0;
		};
		6595CE7A1B617C4900B1494B /* Sources */ = {
			isa = PBXSourcesBuildPhase;
			buildActionMask = 2147483647;
			files = (
				6595CE8C1B617C4900B1494B /* SpaceInfoUITests.m in Sources */,
			);
			runOnlyForDeploymentPostprocessing = 0;
		};
/* End PBXSourcesBuildPhase section */

/* Begin PBXTargetDependency section */
		6595CE841B617C4900B1494B /* PBXTargetDependency */ = {
			isa = PBXTargetDependency;
			target = 6595CE5C1B617C4900B1494B /* SpaceInfoUI */;
			targetProxy = 6595CE831B617C4900B1494B /* PBXContainerItemProxy */;
		};
/* End PBXTargetDependency section */

/* Begin PBXVariantGroup section */
		6595CE691B617C4900B1494B /* InfoPlist.strings */ = {
			isa = PBXVariantGroup;
			children = (
				6595CE6A1B617C4900B1494B /* en */,
			);
			name = InfoPlist.strings;
			sourceTree = "<group>";
		};
		6595CE881B617C4900B1494B /* InfoPlist.strings */ = {
			isa = PBXVariantGroup;
			children = (
				6595CE891B617C4900B1494B /* en */,
			);
			name = InfoPlist.strings;
			sourceTree = "<group>";
		};
		6595CEAC1B617D7C00B1494B /* Main.storyboard */ = {
			isa = PBXVariantGroup;
			children = (
				6595CEAD1B617D7C00B1494B /* Base */,
			);
			name = Main.storyboard;
			sourceTree = "<group>";
		};
/* End PBXVariantGroup section */

/* Begin XCBuildConfiguration section */
		6595CE8D1B617C4900B1494B /* Debug */ = {
			isa = XCBuildConfiguration;
			buildSettings = {
				ALWAYS_SEARCH_USER_PATHS = NO;
				CLANG_CXX_LANGUAGE_STANDARD = "gnu++0x";
				CLANG_CXX_LIBRARY = "libc++";
				CLANG_ENABLE_MODULES = YES;
				CLANG_ENABLE_OBJC_ARC = YES;
				CLANG_WARN_BOOL_CONVERSION = YES;
				CLANG_WARN_CONSTANT_CONVERSION = YES;
				CLANG_WARN_DIRECT_OBJC_ISA_USAGE = YES_ERROR;
				CLANG_WARN_EMPTY_BODY = YES;
				CLANG_WARN_ENUM_CONVERSION = YES;
				CLANG_WARN_INT_CONVERSION = YES;
				CLANG_WARN_OBJC_ROOT_CLASS = YES_ERROR;
				CLANG_WARN__DUPLICATE_METHOD_MATCH = YES;
				"CODE_SIGN_IDENTITY[sdk=iphoneos*]" = "iPhone Developer";
				COPY_PHASE_STRIP = NO;
				GCC_C_LANGUAGE_STANDARD = gnu99;
				GCC_DYNAMIC_NO_PIC = NO;
				GCC_OPTIMIZATION_LEVEL = 0;
				GCC_PREPROCESSOR_DEFINITIONS = (
					"DEBUG=1",
					"$(inherited)",
				);
				GCC_SYMBOLS_PRIVATE_EXTERN = NO;
				GCC_WARN_64_TO_32_BIT_CONVERSION = YES;
				GCC_WARN_ABOUT_RETURN_TYPE = YES_ERROR;
				GCC_WARN_UNDECLARED_SELECTOR = YES;
				GCC_WARN_UNINITIALIZED_AUTOS = YES_AGGRESSIVE;
				GCC_WARN_UNUSED_FUNCTION = YES;
				GCC_WARN_UNUSED_VARIABLE = YES;
				IPHONEOS_DEPLOYMENT_TARGET = 7.1;
				ONLY_ACTIVE_ARCH = YES;
				SDKROOT = iphoneos;
			};
			name = Debug;
		};
		6595CE8E1B617C4900B1494B /* Release */ = {
			isa = XCBuildConfiguration;
			buildSettings = {
				ALWAYS_SEARCH_USER_PATHS = NO;
				CLANG_CXX_LANGUAGE_STANDARD = "gnu++0x";
				CLANG_CXX_LIBRARY = "libc++";
				CLANG_ENABLE_MODULES = YES;
				CLANG_ENABLE_OBJC_ARC = YES;
				CLANG_WARN_BOOL_CONVERSION = YES;
				CLANG_WARN_CONSTANT_CONVERSION = YES;
				CLANG_WARN_DIRECT_OBJC_ISA_USAGE = YES_ERROR;
				CLANG_WARN_EMPTY_BODY = YES;
				CLANG_WARN_ENUM_CONVERSION = YES;
				CLANG_WARN_INT_CONVERSION = YES;
				CLANG_WARN_OBJC_ROOT_CLASS = YES_ERROR;
				CLANG_WARN__DUPLICATE_METHOD_MATCH = YES;
				"CODE_SIGN_IDENTITY[sdk=iphoneos*]" = "iPhone Developer";
				COPY_PHASE_STRIP = YES;
				ENABLE_NS_ASSERTIONS = NO;
				GCC_C_LANGUAGE_STANDARD = gnu99;
				GCC_WARN_64_TO_32_BIT_CONVERSION = YES;
				GCC_WARN_ABOUT_RETURN_TYPE = YES_ERROR;
				GCC_WARN_UNDECLARED_SELECTOR = YES;
				GCC_WARN_UNINITIALIZED_AUTOS = YES_AGGRESSIVE;
				GCC_WARN_UNUSED_FUNCTION = YES;
				GCC_WARN_UNUSED_VARIABLE = YES;
				IPHONEOS_DEPLOYMENT_TARGET = 7.1;
				SDKROOT = iphoneos;
				VALIDATE_PRODUCT = YES;
			};
			name = Release;
		};
		6595CE901B617C4900B1494B /* Debug */ = {
			isa = XCBuildConfiguration;
			buildSettings = {
				ASSETCATALOG_COMPILER_APPICON_NAME = AppIcon;
				ASSETCATALOG_COMPILER_LAUNCHIMAGE_NAME = LaunchImage;
				GCC_PRECOMPILE_PREFIX_HEADER = YES;
				GCC_PREFIX_HEADER = "SpaceInfoUI/SpaceInfoUI-Prefix.pch";
				INFOPLIST_FILE = "SpaceInfoUI/SpaceInfoUI-Info.plist";
				PRODUCT_NAME = "$(TARGET_NAME)";
				WRAPPER_EXTENSION = app;
			};
			name = Debug;
		};
		6595CE911B617C4900B1494B /* Release */ = {
			isa = XCBuildConfiguration;
			buildSettings = {
				ASSETCATALOG_COMPILER_APPICON_NAME = AppIcon;
				ASSETCATALOG_COMPILER_LAUNCHIMAGE_NAME = LaunchImage;
				GCC_PRECOMPILE_PREFIX_HEADER = YES;
				GCC_PREFIX_HEADER = "SpaceInfoUI/SpaceInfoUI-Prefix.pch";
				INFOPLIST_FILE = "SpaceInfoUI/SpaceInfoUI-Info.plist";
				PRODUCT_NAME = "$(TARGET_NAME)";
				WRAPPER_EXTENSION = app;
			};
			name = Release;
		};
		6595CE931B617C4900B1494B /* Debug */ = {
			isa = XCBuildConfiguration;
			buildSettings = {
				BUNDLE_LOADER = "$(BUILT_PRODUCTS_DIR)/SpaceInfoUI.app/SpaceInfoUI";
				FRAMEWORK_SEARCH_PATHS = (
					"$(SDKROOT)/Developer/Library/Frameworks",
					"$(inherited)",
					"$(DEVELOPER_FRAMEWORKS_DIR)",
				);
				GCC_PRECOMPILE_PREFIX_HEADER = YES;
				GCC_PREFIX_HEADER = "SpaceInfoUI/SpaceInfoUI-Prefix.pch";
				GCC_PREPROCESSOR_DEFINITIONS = (
					"DEBUG=1",
					"$(inherited)",
				);
				INFOPLIST_FILE = "SpaceInfoUITests/SpaceInfoUITests-Info.plist";
				PRODUCT_NAME = "$(TARGET_NAME)";
				TEST_HOST = "$(BUNDLE_LOADER)";
				WRAPPER_EXTENSION = xctest;
			};
			name = Debug;
		};
		6595CE941B617C4900B1494B /* Release */ = {
			isa = XCBuildConfiguration;
			buildSettings = {
				BUNDLE_LOADER = "$(BUILT_PRODUCTS_DIR)/SpaceInfoUI.app/SpaceInfoUI";
				FRAMEWORK_SEARCH_PATHS = (
					"$(SDKROOT)/Developer/Library/Frameworks",
					"$(inherited)",
					"$(DEVELOPER_FRAMEWORKS_DIR)",
				);
				GCC_PRECOMPILE_PREFIX_HEADER = YES;
				GCC_PREFIX_HEADER = "SpaceInfoUI/SpaceInfoUI-Prefix.pch";
				INFOPLIST_FILE = "SpaceInfoUITests/SpaceInfoUITests-Info.plist";
				PRODUCT_NAME = "$(TARGET_NAME)";
				TEST_HOST = "$(BUNDLE_LOADER)";
				WRAPPER_EXTENSION = xctest;
			};
			name = Release;
		};
/* End XCBuildConfiguration section */

/* Begin XCConfigurationList section */
		6595CE581B617C4900B1494B /* Build configuration list for PBXProject "SpaceInfoUI" */ = {
			isa = XCConfigurationList;
			buildConfigurations = (
				6595CE8D1B617C4900B1494B /* Debug */,
				6595CE8E1B617C4900B1494B /* Release */,
			);
			defaultConfigurationIsVisible = 0;
			defaultConfigurationName = Release;
		};
		6595CE8F1B617C4900B1494B /* Build configuration list for PBXNativeTarget "SpaceInfoUI" */ = {
			isa = XCConfigurationList;
			buildConfigurations = (
				6595CE901B617C4900B1494B /* Debug */,
				6595CE911B617C4900B1494B /* Release */,
			);
			defaultConfigurationIsVisible = 0;
			defaultConfigurationName = Release;
		};
		6595CE921B617C4900B1494B /* Build configuration list for PBXNativeTarget "SpaceInfoUITests" */ = {
			isa = XCConfigurationList;
			buildConfigurations = (
				6595CE931B617C4900B1494B /* Debug */,
				6595CE941B617C4900B1494B /* Release */,
			);
			defaultConfigurationIsVisible = 0;
			defaultConfigurationName = Release;
		};
/* End XCConfigurationList section */
	};
	rootObject = 6595CE551B617C4900B1494B /* Project object */;
}
